
Microsoft Visual Studio Solution File, Format Version 12.00
# Visual Studio 15
VisualStudioVersion = 15.0.28010.2050
MinimumVisualStudioVersion = 10.0.40219.1
Project("{FAE04EC0-301F-11D3-BF4B-00C04F79EFBC}") = "UI", "UI\UI.csproj", "{9382D0D1-D66A-458F-A2F0-D19FDBB758BB}"
EndProject
Global
	GlobalSection(SolutionConfigurationPlatforms) = preSolution
		Debug|Any CPU = Debug|Any CPU
		Release|Any CPU = Release|Any CPU
	EndGlobalSection
	GlobalSection(ProjectConfigurationPlatforms) = postSolution
		{9382D0D1-D66A-458F-A2F0-D19FDBB758BB}.Debug|Any CPU.ActiveCfg = Debug|Any CPU
		{9382D0D1-D66A-458F-A2F0-D19FDBB758BB}.Debug|Any CPU.Build.0 = Debug|Any CPU
		{9382D0D1-D66A-458F-A2F0-D19FDBB758BB}.Release|Any CPU.ActiveCfg = Release|Any CPU
		{9382D0D1-D66A-458F-A2F0-D19FDBB758BB}.Release|Any CPU.Build.0 = Release|Any CPU
	EndGlobalSection
	GlobalSection(SolutionProperties) = preSolution
		HideSolutionNode = FALSE
	EndGlobalSection
	GlobalSection(ExtensibilityGlobals) = postSolution
		SolutionGuid = {EAF6D240-AC44-42D3-8CFC-DAC1A603A908}
	EndGlobalSection
EndGlobal
